<?xml version="1.0" encoding="utf-8"?>
<Project ToolsVersion="4.0" xmlns="http://schemas.microsoft.com/developer/msbuild/2003">
  <ItemGroup>
    <Filter Include="소스 파일">
      <UniqueIdentifier>{4FC737F1-C7A5-4376-A066-2A32D752A2FF}</UniqueIdentifier>
      <Extensions>cpp;c;cc;cxx;c++;cppm;ixx;def;odl;idl;hpj;bat;asm;asmx</Extensions>
    </Filter>
    <Filter Include="헤더 파일">
      <UniqueIdentifier>{93995380-89BD-4b04-88EB-625FBE52EBFB}</UniqueIdentifier>
      <Extensions>h;hh;hpp;hxx;h++;hm;inl;inc;ipp;xsd</Extensions>
    </Filter>
    <Filter Include="리소스 파일">
      <UniqueIdentifier>{67DA6AB6-F800-4c08-8B7A-83BB121AAD01}</UniqueIdentifier>
      <Extensions>rc;ico;cur;bmp;dlg;rc2;rct;bin;rgs;gif;jpg;jpeg;jpe;resx;tiff;tif;png;wav;mfcribbon-ms</Extensions>
    </Filter>
    <Filter Include="00. MainApp">
      <UniqueIdentifier>{32a9f3aa-6d9f-4d1d-b650-86a86f10cf47}</UniqueIdentifier>
    </Filter>
    <Filter Include="01. Scene">
      <UniqueIdentifier>{d8e1b22f-04db-4bdc-ac27-1707308ed746}</UniqueIdentifier>
    </Filter>
    <Filter Include="02. GameObject">
      <UniqueIdentifier>{b5a6e975-1ba4-438e-a1c9-4425cc22c495}</UniqueIdentifier>
    </Filter>
    <Filter Include="01. Scene\Loading">
      <UniqueIdentifier>{0e293edf-66a2-4d1f-b2a3-3e9dc8f1deb5}</UniqueIdentifier>
    </Filter>
    <Filter Include="01. Scene\Loading\LoadingThread">
      <UniqueIdentifier>{a5460c36-fe13-40c6-91aa-5e752b79692a}</UniqueIdentifier>
    </Filter>
    <Filter Include="01. Scene\Test">
      <UniqueIdentifier>{4a0fedf5-0002-4576-8a9d-93ab4a1073a7}</UniqueIdentifier>
    </Filter>
    <Filter Include="02. GameObject\BackGround">
      <UniqueIdentifier>{82ca06a2-1d49-48df-9619-97fbd9172848}</UniqueIdentifier>
    </Filter>
    <Filter Include="02. GameObject\SkyBox">
      <UniqueIdentifier>{859f3918-5c4b-4bf1-8123-8e96160970aa}</UniqueIdentifier>
    </Filter>
    <Filter Include="02. GameObject\GOCody">
      <UniqueIdentifier>{bcc5ba6d-131a-4e42-a2d6-3f1a1ab100cb}</UniqueIdentifier>
    </Filter>
    <Filter Include="02. GameObject\Camera">
      <UniqueIdentifier>{3c825b67-dcc3-4053-ba3a-63cb123f4e1d}</UniqueIdentifier>
    </Filter>
    <Filter Include="02. GameObject\Camera\FirstPersonCamera">
      <UniqueIdentifier>{6358c447-5368-456b-8cf9-5e5691e92983}</UniqueIdentifier>
    </Filter>
    <Filter Include="02. GameObject\GOCody\HeadPivot">
      <UniqueIdentifier>{c5999d27-5689-41b8-838a-61e5fbc2650c}</UniqueIdentifier>
    </Filter>
    <Filter Include="02. GameObject\GOCody\Body">
      <UniqueIdentifier>{6a04b310-393d-424f-b556-b980405fd106}</UniqueIdentifier>
    </Filter>
    <Filter Include="02. GameObject\Camera\BackThirdPersonCamera">
      <UniqueIdentifier>{023176fa-6807-4182-a302-7da613fae6b9}</UniqueIdentifier>
    </Filter>
    <Filter Include="02. GameObject\Camera\FrontThirdPersonCamera">
      <UniqueIdentifier>{fec12351-5443-45eb-98c0-29438785992c}</UniqueIdentifier>
    </Filter>
    <Filter Include="02. GameObject\Land2">
      <UniqueIdentifier>{abc5ec96-6112-4f26-a7f4-31f2a42cd918}</UniqueIdentifier>
    </Filter>
    <Filter Include="02. GameObject\Camera\TopViewCamera">
      <UniqueIdentifier>{fea974b1-0821-4c2a-93c7-30822e6f7f09}</UniqueIdentifier>
    </Filter>
    <Filter Include="01. Scene\CollisionTest">
      <UniqueIdentifier>{1d9596f4-f904-4f19-871e-a4c8158626b4}</UniqueIdentifier>
    </Filter>
    <Filter Include="02. GameObject\Cart">
      <UniqueIdentifier>{9b57413b-c72d-4546-b362-b5ed99bdabb9}</UniqueIdentifier>
    </Filter>
    <Filter Include="02. GameObject\Cart\Wheel">
      <UniqueIdentifier>{14d11323-8b15-4ff0-849c-b889a1c6e54d}</UniqueIdentifier>
    </Filter>
    <Filter Include="02. GameObject\Cart\CartBody">
      <UniqueIdentifier>{2d915fa9-4695-4bd0-82a0-0afb0c2a78cd}</UniqueIdentifier>
    </Filter>
    <Filter Include="02. GameObject\Box">
      <UniqueIdentifier>{1eadff65-5287-4a7f-bed1-9074bae16f02}</UniqueIdentifier>
    </Filter>
    <Filter Include="02. GameObject\Camera\FollowSmoothCamera">
      <UniqueIdentifier>{ff88f6cc-acfd-45ab-bb08-64ffd162aa80}</UniqueIdentifier>
    </Filter>
    <Filter Include="02. GameObject\Cart\CartBody\CartBody1">
      <UniqueIdentifier>{8385e4f3-0adf-4ec9-8edc-a5933d7ec8fc}</UniqueIdentifier>
    </Filter>
    <Filter Include="02. GameObject\Cart\CartBody\CartBody2">
      <UniqueIdentifier>{8b9571f1-d76e-464a-bab7-d7b17e618d3f}</UniqueIdentifier>
    </Filter>
    <Filter Include="01. Scene\MapTest">
      <UniqueIdentifier>{7f49cea8-a756-4797-a98f-c47c0ef0412f}</UniqueIdentifier>
    </Filter>
    <Filter Include="01. Scene\Item">
      <UniqueIdentifier>{8cfc90e9-be4b-467b-a9ea-b5f4e04dec79}</UniqueIdentifier>
    </Filter>
    <Filter Include="02. GameObject\CollisionBox">
      <UniqueIdentifier>{2d007e2e-4859-437b-8792-e22af7780408}</UniqueIdentifier>
    </Filter>
    <Filter Include="02. GameObject\Cart\BoostEffect">
      <UniqueIdentifier>{c7a8c4f7-5a87-4e8b-a638-0d2f080dbd57}</UniqueIdentifier>
    </Filter>
    <Filter Include="02. GameObject\Cart\BoostEffect\BoostJet">
      <UniqueIdentifier>{0d1931e9-6d11-46c4-b1e6-d66294ec4643}</UniqueIdentifier>
    </Filter>
    <Filter Include="02. GameObject\Cart\BoostEffect\BoostWind">
      <UniqueIdentifier>{4d4021d3-2776-418b-b6db-ffcdf124c2dd}</UniqueIdentifier>
    </Filter>
    <Filter Include="02. GameObject\UI">
      <UniqueIdentifier>{77b0e0b9-78db-4975-b5b9-26be286bd1d9}</UniqueIdentifier>
    </Filter>
    <Filter Include="02. GameObject\UI\UI_HUD">
      <UniqueIdentifier>{06fcef9e-f0e4-4a30-8852-d43fa436b7e5}</UniqueIdentifier>
    </Filter>
    <Filter Include="02. GameObject\UI\UI_HUD\HUD_Main">
      <UniqueIdentifier>{f78c48f2-c807-400d-b397-3d86306486d5}</UniqueIdentifier>
    </Filter>
    <Filter Include="02. GameObject\Land3">
      <UniqueIdentifier>{f65dd40c-8e32-476d-91b0-4980159e909b}</UniqueIdentifier>
    </Filter>
    <Filter Include="02. GameObject\Item">
      <UniqueIdentifier>{10b4db78-0a63-465f-aba5-774dba1b97d1}</UniqueIdentifier>
    </Filter>
    <Filter Include="02. GameObject\Item\Rainbow_Cloud">
      <UniqueIdentifier>{1ba4c8fa-a3e4-42eb-bccc-a638b73312b4}</UniqueIdentifier>
    </Filter>
    <Filter Include="02. GameObject\UI\UI_Rainbow">
      <UniqueIdentifier>{92fd2f23-c461-4387-ab50-bac95f3c8e54}</UniqueIdentifier>
    </Filter>
    <Filter Include="02. GameObject\UI\UI_HUD\HUD_Num">
      <UniqueIdentifier>{45e4ae89-db24-459f-bb4c-d03f0ddbf99a}</UniqueIdentifier>
    </Filter>
    <Filter Include="02. GameObject\UI\UI_HUD\HUD_Gage">
      <UniqueIdentifier>{bd8bd500-6a9a-4ffc-a739-75f687414e13}</UniqueIdentifier>
    </Filter>
    <Filter Include="02. GameObject\Item\Banana">
      <UniqueIdentifier>{4de29079-460b-4184-99c7-5fa447048b9a}</UniqueIdentifier>
    </Filter>
    <Filter Include="02. GameObject\UI\UI_Booster">
      <UniqueIdentifier>{0036db55-c776-4fad-9fbb-1da8a991da44}</UniqueIdentifier>
    </Filter>
    <Filter Include="02. GameObject\UI\UI_Booster\UI_BoosterBar">
      <UniqueIdentifier>{8ef9adcb-37b7-43f5-b4f7-a8e0edc7010b}</UniqueIdentifier>
    </Filter>
    <Filter Include="02. GameObject\UI\UI_Booster\UI_BoosterBG">
      <UniqueIdentifier>{6a0eba07-e98e-47f8-a58a-a5d842776ca0}</UniqueIdentifier>
    </Filter>
    <Filter Include="02. GameObject\Missile">
      <UniqueIdentifier>{d6b85c0f-4e58-4131-bf43-13d6294f242c}</UniqueIdentifier>
    </Filter>
    <Filter Include="02. GameObject\Camera\DynamicCamera">
      <UniqueIdentifier>{7a349e1f-d29d-4c80-a6b0-e6d3a52b8d23}</UniqueIdentifier>
    </Filter>
    <Filter Include="02. GameObject\Missile\MissileBody">
      <UniqueIdentifier>{2a2d957b-27e8-4f80-959d-7f7f3eedceb8}</UniqueIdentifier>
    </Filter>
    <Filter Include="02. GameObject\MissileTarget">
      <UniqueIdentifier>{6793bbfd-9138-49d7-911d-2accc8786996}</UniqueIdentifier>
    </Filter>
    <Filter Include="02. GameObject\Item\Thunder">
      <UniqueIdentifier>{eb12a771-8e46-4219-8069-abad9f11e50a}</UniqueIdentifier>
    </Filter>
    <Filter Include="02. GameObject\Item\Thunder\Thunder">
      <UniqueIdentifier>{2251848a-f520-4c9e-9daa-39e030cc56eb}</UniqueIdentifier>
    </Filter>
    <Filter Include="02. GameObject\Item\Thunder\ThunderCloud">
      <UniqueIdentifier>{26b95c7f-a495-466b-8f44-1ff35e47540e}</UniqueIdentifier>
    </Filter>
    <Filter Include="02. GameObject\Item\Thunder\ThunderPlayerEffect">
      <UniqueIdentifier>{a82f95ec-66ee-4d24-a2b6-130a08431dd8}</UniqueIdentifier>
    </Filter>
    <Filter Include="02. GameObject\Item\Thunder\ThunderFloorEffect">
      <UniqueIdentifier>{41ae0adc-97a2-4d4d-885a-2e87a586b530}</UniqueIdentifier>
    </Filter>
    <Filter Include="02. GameObject\UI\UI_Button">
      <UniqueIdentifier>{52732eb2-24e9-49ce-bed4-df41bda21639}</UniqueIdentifier>
    </Filter>
    <Filter Include="01. Scene\StartMenu">
      <UniqueIdentifier>{d27c7ebd-8c53-4c6c-99f8-e7b7ce78148a}</UniqueIdentifier>
    </Filter>
    <Filter Include="02. GameObject\UI\UI_ItemSlot">
      <UniqueIdentifier>{295445ca-386c-46dd-9acb-6ad8d4877595}</UniqueIdentifier>
    </Filter>
    <Filter Include="02. GameObject\UI\UI_ItemIcon">
      <UniqueIdentifier>{0911f93a-c818-456f-8a9b-423b77b4ada3}</UniqueIdentifier>
    </Filter>
    <Filter Include="02. GameObject\UI\UI_Timer">
      <UniqueIdentifier>{406ce618-cfd9-400f-ba28-75c87ea2370b}</UniqueIdentifier>
    </Filter>
    <Filter Include="02. GameObject\UI\UI_Menu">
      <UniqueIdentifier>{abf231ea-de2d-413c-96d2-ca1bb0124865}</UniqueIdentifier>
    </Filter>
  </ItemGroup>
  <ItemGroup>
    <ClInclude Include="framework.h">
      <Filter>헤더 파일</Filter>
    </ClInclude>
    <ClInclude Include="targetver.h">
      <Filter>헤더 파일</Filter>
    </ClInclude>
    <ClInclude Include="Resource.h">
      <Filter>헤더 파일</Filter>
    </ClInclude>
    <ClInclude Include="Client.h">
      <Filter>헤더 파일</Filter>
    </ClInclude>
    <ClInclude Include="pch.h">
      <Filter>헤더 파일</Filter>
    </ClInclude>
    <ClInclude Include="..\Header\CMainApp.h">
      <Filter>00. MainApp</Filter>
    </ClInclude>
    <ClInclude Include="..\Header\CLoading.h">
      <Filter>01. Scene\Loading</Filter>
    </ClInclude>
    <ClInclude Include="..\Header\CLoadingThread.h">
      <Filter>01. Scene\Loading\LoadingThread</Filter>
    </ClInclude>
    <ClInclude Include="..\Header\CScene_Test.h">
      <Filter>01. Scene\Test</Filter>
    </ClInclude>
    <ClInclude Include="..\Header\CBackGround.h">
      <Filter>02. GameObject\BackGround</Filter>
    </ClInclude>
    <ClInclude Include="..\Header\CSkyBox.h">
      <Filter>02. GameObject\SkyBox</Filter>
    </ClInclude>
    <ClInclude Include="..\Header\CGOCody.h">
      <Filter>02. GameObject\GOCody</Filter>
    </ClInclude>
    <ClInclude Include="..\Header\Client_Define.h">
      <Filter>헤더 파일</Filter>
    </ClInclude>
    <ClInclude Include="..\Header\Client_Enum.h">
      <Filter>헤더 파일</Filter>
    </ClInclude>
    <ClInclude Include="..\Header\CTopViewCam.h">
      <Filter>02. GameObject\Camera\TopViewCamera</Filter>
    </ClInclude>
    <ClInclude Include="..\Header\CHeadPivot.h">
      <Filter>02. GameObject\GOCody\HeadPivot</Filter>
    </ClInclude>
    <ClInclude Include="..\Header\CFirstPerCam.h">
      <Filter>02. GameObject\Camera\FirstPersonCamera</Filter>
    </ClInclude>
    <ClInclude Include="..\Header\CBackThirdPerCam.h">
      <Filter>02. GameObject\Camera\BackThirdPersonCamera</Filter>
    </ClInclude>
    <ClInclude Include="..\Header\CCodyBody.h">
      <Filter>02. GameObject\GOCody\Body</Filter>
    </ClInclude>
    <ClInclude Include="..\Header\CFrontThirdPerCam.h">
      <Filter>02. GameObject\Camera\FrontThirdPersonCamera</Filter>
    </ClInclude>
    <ClInclude Include="..\Header\CLand2.h">
      <Filter>02. GameObject\Land2</Filter>
    </ClInclude>
    <ClInclude Include="..\Header\CCart.h">
      <Filter>02. GameObject\Cart</Filter>
    </ClInclude>
    <ClInclude Include="..\Header\CCollisionTest.h">
      <Filter>01. Scene\CollisionTest</Filter>
    </ClInclude>
    <ClInclude Include="..\Header\CWheel.h">
      <Filter>02. GameObject\Cart\Wheel</Filter>
    </ClInclude>
    <ClInclude Include="..\Header\CCartBody.h">
      <Filter>02. GameObject\Cart\CartBody</Filter>
    </ClInclude>
    <ClInclude Include="..\Header\CBox.h">
      <Filter>02. GameObject\Box</Filter>
    </ClInclude>
    <ClInclude Include="..\Header\CFollowSmoothCam.h">
      <Filter>02. GameObject\Camera\FollowSmoothCamera</Filter>
    </ClInclude>
    <ClInclude Include="..\Header\CCartBody1.h">
      <Filter>02. GameObject\Cart\CartBody\CartBody1</Filter>
    </ClInclude>
    <ClInclude Include="..\Header\CCartBody2.h">
      <Filter>02. GameObject\Cart\CartBody\CartBody2</Filter>
    </ClInclude>
    <ClInclude Include="..\Header\CMapTest.h">
      <Filter>01. Scene\MapTest</Filter>
    </ClInclude>
    <ClInclude Include="..\Header\CITem.h">
      <Filter>01. Scene\Item</Filter>
    </ClInclude>
    <ClInclude Include="..\Header\CCollisionBox.h">
      <Filter>02. GameObject\CollisionBox</Filter>
    </ClInclude>
    <ClInclude Include="..\Header\CBoostJet.h">
      <Filter>02. GameObject\Cart\BoostEffect\BoostJet</Filter>
    </ClInclude>
    <ClInclude Include="..\Header\CBoostWind.h">
      <Filter>02. GameObject\Cart\BoostEffect\BoostWind</Filter>
    </ClInclude>
    <ClInclude Include="..\Header\CHUD_Main.h">
      <Filter>02. GameObject\UI\UI_HUD\HUD_Main</Filter>
    </ClInclude>
    <ClInclude Include="..\Header\CHUD_Gage.h">
      <Filter>02. GameObject\UI\UI_HUD\HUD_Gage</Filter>
    </ClInclude>
    <ClInclude Include="..\Header\CHUD_Num.h">
      <Filter>02. GameObject\UI\UI_HUD\HUD_Num</Filter>
    </ClInclude>
    <ClInclude Include="..\Header\CLand3.h">
      <Filter>02. GameObject\Land3</Filter>
    </ClInclude>
    <ClInclude Include="..\Header\CRainBow_Cloud.h">
      <Filter>02. GameObject\Item\Rainbow_Cloud</Filter>
    </ClInclude>
    <ClInclude Include="..\Header\CUI_Rainbow.h">
      <Filter>02. GameObject\UI\UI_Rainbow</Filter>
    </ClInclude>
    <ClInclude Include="..\Header\CBanana.h">
      <Filter>02. GameObject\Item\Banana</Filter>
    </ClInclude>
    <ClInclude Include="..\Header\CUI_BoosterBar.h">
      <Filter>02. GameObject\UI\UI_Booster\UI_BoosterBar</Filter>
    </ClInclude>
    <ClInclude Include="..\Header\CMissile.h">
      <Filter>02. GameObject\Missile</Filter>
    </ClInclude>
    <ClInclude Include="..\Header\CDynamicCamera.h">
      <Filter>02. GameObject\Camera\DynamicCamera</Filter>
    </ClInclude>
    <ClInclude Include="..\Header\CUI_BoosterBG.h">
      <Filter>02. GameObject\UI\UI_Booster\UI_BoosterBG</Filter>
    </ClInclude>
    <ClInclude Include="..\Header\CMissileBody.h">
      <Filter>02. GameObject\Missile\MissileBody</Filter>
    </ClInclude>
    <ClInclude Include="..\Header\CMissileTarget.h">
      <Filter>02. GameObject\MissileTarget</Filter>
    </ClInclude>
    <ClInclude Include="..\Header\CThunder.h">
      <Filter>02. GameObject\Item\Thunder\Thunder</Filter>
    </ClInclude>
    <ClInclude Include="..\Header\CThunderCloud.h">
      <Filter>02. GameObject\Item\Thunder\ThunderCloud</Filter>
    </ClInclude>
    <ClInclude Include="..\Header\CThunderPlayerEffect.h">
      <Filter>02. GameObject\Item\Thunder\ThunderPlayerEffect</Filter>
    </ClInclude>
    <ClInclude Include="..\Header\CThunderFloorEffect.h">
      <Filter>02. GameObject\Item\Thunder\ThunderFloorEffect</Filter>
    </ClInclude>
    <ClInclude Include="..\Header\CUI_Button.h">
      <Filter>02. GameObject\UI\UI_Button</Filter>
    </ClInclude>
    <ClInclude Include="..\Header\CStartMenu.h">
      <Filter>01. Scene\StartMenu</Filter>
    </ClInclude>
    <ClInclude Include="..\Header\CUI_Timer.h">
      <Filter>02. GameObject\UI\UI_Timer</Filter>
    </ClInclude>
    <ClInclude Include="..\Header\CUI_ItemIcon.h">
      <Filter>02. GameObject\UI\UI_ItemIcon</Filter>
    </ClInclude>
    <ClInclude Include="..\Header\CUI_ItemSlot.h">
      <Filter>02. GameObject\UI\UI_ItemSlot</Filter>
    </ClInclude>
    <ClInclude Include="..\Header\CUI_Menu.h">
      <Filter>02. GameObject\UI\UI_Menu</Filter>
    </ClInclude>
  </ItemGroup>
  <ItemGroup>
    <ClCompile Include="pch.cpp">
      <Filter>소스 파일</Filter>
    </ClCompile>
    <ClCompile Include="..\Code\CMainApp.cpp">
      <Filter>00. MainApp</Filter>
    </ClCompile>
    <ClCompile Include="..\Code\CLoading.cpp">
      <Filter>01. Scene\Loading</Filter>
    </ClCompile>
    <ClCompile Include="..\Code\CLoadingThread.cpp">
      <Filter>01. Scene\Loading\LoadingThread</Filter>
    </ClCompile>
    <ClCompile Include="..\Code\CScene_Test.cpp">
      <Filter>01. Scene\Test</Filter>
    </ClCompile>
    <ClCompile Include="..\Code\CBackGround.cpp">
      <Filter>02. GameObject\BackGround</Filter>
    </ClCompile>
    <ClCompile Include="..\Code\CSkyBox.cpp">
      <Filter>02. GameObject\SkyBox</Filter>
    </ClCompile>
    <ClCompile Include="..\Code\CGOCody.cpp">
      <Filter>02. GameObject\GOCody</Filter>
    </ClCompile>
    <ClCompile Include="..\Code\Client_Define.cpp">
      <Filter>소스 파일</Filter>
    </ClCompile>
    <ClCompile Include="..\Code\CTopViewCam.cpp">
      <Filter>02. GameObject\Camera\TopViewCamera</Filter>
    </ClCompile>
    <ClCompile Include="..\Code\CHeadPivot.cpp">
      <Filter>02. GameObject\GOCody\HeadPivot</Filter>
    </ClCompile>
    <ClCompile Include="..\Code\CFirstPerCam.cpp">
      <Filter>02. GameObject\Camera\FirstPersonCamera</Filter>
    </ClCompile>
    <ClCompile Include="..\Code\CBackThirdPerCam.cpp">
      <Filter>02. GameObject\Camera\BackThirdPersonCamera</Filter>
    </ClCompile>
    <ClCompile Include="..\Code\CCodyBody.cpp">
      <Filter>02. GameObject\GOCody\Body</Filter>
    </ClCompile>
    <ClCompile Include="..\Code\CFrontThirdPerCam.cpp">
      <Filter>02. GameObject\Camera\FrontThirdPersonCamera</Filter>
    </ClCompile>
    <ClCompile Include="..\Code\CLand2.cpp">
      <Filter>02. GameObject\Land2</Filter>
    </ClCompile>
    <ClCompile Include="..\Code\CCart.cpp">
      <Filter>02. GameObject\Cart</Filter>
    </ClCompile>
    <ClCompile Include="..\Code\CCollisionTest.cpp">
      <Filter>01. Scene\CollisionTest</Filter>
    </ClCompile>
    <ClCompile Include="..\Code\CWheel.cpp">
      <Filter>02. GameObject\Cart\Wheel</Filter>
    </ClCompile>
    <ClCompile Include="..\Code\CCartBody.cpp">
      <Filter>02. GameObject\Cart\CartBody</Filter>
    </ClCompile>
    <ClCompile Include="..\Code\CBox.cpp">
      <Filter>02. GameObject\Box</Filter>
    </ClCompile>
    <ClCompile Include="..\Code\CFollowSmoothCam.cpp">
      <Filter>02. GameObject\Camera\FollowSmoothCamera</Filter>
    </ClCompile>
    <ClCompile Include="..\Code\CCartBody1.cpp">
      <Filter>02. GameObject\Cart\CartBody\CartBody1</Filter>
    </ClCompile>
    <ClCompile Include="..\Code\CCartBody2.cpp">
      <Filter>02. GameObject\Cart\CartBody\CartBody2</Filter>
    </ClCompile>
    <ClCompile Include="..\Code\CMapTest.cpp">
      <Filter>01. Scene\MapTest</Filter>
    </ClCompile>
    <ClCompile Include="..\Code\CITem.cpp">
      <Filter>01. Scene\Item</Filter>
    </ClCompile>
    <ClCompile Include="Client.cpp">
      <Filter>소스 파일</Filter>
    </ClCompile>
    <ClCompile Include="..\Code\CCollisionBox.cpp">
      <Filter>02. GameObject\CollisionBox</Filter>
    </ClCompile>
    <ClCompile Include="..\Code\CBoostJet.cpp">
      <Filter>02. GameObject\Cart\BoostEffect\BoostJet</Filter>
    </ClCompile>
    <ClCompile Include="..\Code\CBoostWind.cpp">
      <Filter>02. GameObject\Cart\BoostEffect\BoostWind</Filter>
    </ClCompile>
    <ClCompile Include="..\Code\CHUD_Main.cpp">
      <Filter>02. GameObject\UI\UI_HUD\HUD_Main</Filter>
    </ClCompile>
    <ClCompile Include="..\Code\CHUD_Gage.cpp">
      <Filter>02. GameObject\UI\UI_HUD\HUD_Gage</Filter>
    </ClCompile>
    <ClCompile Include="..\Code\CHUD_Num.cpp">
      <Filter>02. GameObject\UI\UI_HUD\HUD_Num</Filter>
    </ClCompile>
    <ClCompile Include="..\Code\CLand3.cpp">
      <Filter>02. GameObject\Land3</Filter>
    </ClCompile>
    <ClCompile Include="Client.cpp">
      <Filter>소스 파일</Filter>
    </ClCompile>
    <ClCompile Include="..\Code\CRainbow_Cloud.cpp">
      <Filter>02. GameObject\Item\Rainbow_Cloud</Filter>
    </ClCompile>
    <ClCompile Include="..\Code\CUI_Rainbow.cpp">
      <Filter>02. GameObject\UI\UI_Rainbow</Filter>
    </ClCompile>
    <ClCompile Include="..\Code\CBanana.cpp">
      <Filter>02. GameObject\Item\Banana</Filter>
    </ClCompile>
    <ClCompile Include="..\Code\CUI_BoosterBar.cpp">
      <Filter>02. GameObject\UI\UI_Booster\UI_BoosterBar</Filter>
    </ClCompile>
    <ClCompile Include="..\Code\CMissile.cpp">
      <Filter>02. GameObject\Missile</Filter>
    </ClCompile>
    <ClCompile Include="..\Code\CDynamicCamera.cpp">
      <Filter>02. GameObject\Camera\DynamicCamera</Filter>
    </ClCompile>
    <ClCompile Include="..\Code\CUI_BoosterBG.cpp">
      <Filter>02. GameObject\UI\UI_Booster\UI_BoosterBG</Filter>
    </ClCompile>
    <ClCompile Include="..\Code\CMissileBody.cpp">
      <Filter>02. GameObject\Missile\MissileBody</Filter>
    </ClCompile>
    <ClCompile Include="..\Code\CMissileTarget.cpp">
      <Filter>02. GameObject\MissileTarget</Filter>
    </ClCompile>
    <ClCompile Include="..\Code\CThunder.cpp">
      <Filter>02. GameObject\Item\Thunder\Thunder</Filter>
    </ClCompile>
    <ClCompile Include="..\Code\CThunderCloud.cpp">
      <Filter>02. GameObject\Item\Thunder\ThunderCloud</Filter>
    </ClCompile>
    <ClCompile Include="..\Code\CThunderPlayerEffect.cpp">
      <Filter>02. GameObject\Item\Thunder\ThunderPlayerEffect</Filter>
    </ClCompile>
    <ClCompile Include="..\Code\CThunderFloorEffect.cpp">
      <Filter>02. GameObject\Item\Thunder\ThunderFloorEffect</Filter>
    </ClCompile>
    <ClCompile Include="..\Code\CUI_Button.cpp">
      <Filter>02. GameObject\UI\UI_Button</Filter>
    </ClCompile>
    <ClCompile Include="..\Code\CStartMenu.cpp">
      <Filter>01. Scene\StartMenu</Filter>
    </ClCompile>
    <ClCompile Include="..\Code\CUI_Timer.cpp">
      <Filter>02. GameObject\UI\UI_Timer</Filter>
    </ClCompile>
    <ClCompile Include="..\Code\CUI_ItemIcon.cpp">
      <Filter>02. GameObject\UI\UI_ItemIcon</Filter>
    </ClCompile>
    <ClCompile Include="..\Code\CUI_ItemSlot.cpp">
      <Filter>02. GameObject\UI\UI_ItemSlot</Filter>
    </ClCompile>
    <ClCompile Include="CUI_Menu.cpp">
      <Filter>02. GameObject\UI\UI_Menu</Filter>
    </ClCompile>
  </ItemGroup>
  <ItemGroup>
    <ResourceCompile Include="Client.rc">
      <Filter>리소스 파일</Filter>
    </ResourceCompile>
  </ItemGroup>
  <ItemGroup>
    <Image Include="small.ico">
      <Filter>리소스 파일</Filter>
    </Image>
    <Image Include="Client.ico">
      <Filter>리소스 파일</Filter>
    </Image>
  </ItemGroup>
</Project>